
Microsoft Visual Studio Solution File, Format Version 12.00
# Visual Studio Version 16
VisualStudioVersion = 16.0.30907.101
MinimumVisualStudioVersion = 10.0.40219.1
Project("{FAE04EC0-301F-11D3-BF4B-00C04F79EFBC}") = "UD24-EJ3", "UD24-EJ3\UD24-EJ3.csproj", "{90932576-83EA-4AE3-B239-6D7F74A1A216}"
EndProject
Global
	GlobalSection(SolutionConfigurationPlatforms) = preSolution
		Debug|Any CPU = Debug|Any CPU
		Release|Any CPU = Release|Any CPU
	EndGlobalSection
	GlobalSection(ProjectConfigurationPlatforms) = postSolution
		{90932576-83EA-4AE3-B239-6D7F74A1A216}.Debug|Any CPU.ActiveCfg = Debug|Any CPU
		{90932576-83EA-4AE3-B239-6D7F74A1A216}.Debug|Any CPU.Build.0 = Debug|Any CPU
		{90932576-83EA-4AE3-B239-6D7F74A1A216}.Release|Any CPU.ActiveCfg = Release|Any CPU
		{90932576-83EA-4AE3-B239-6D7F74A1A216}.Release|Any CPU.Build.0 = Release|Any CPU
	EndGlobalSection
	GlobalSection(SolutionProperties) = preSolution
		HideSolutionNode = FALSE
	EndGlobalSection
	GlobalSection(ExtensibilityGlobals) = postSolution
		SolutionGuid = {45FF6579-6AA8-42C2-B88C-7377D65EA99E}
	EndGlobalSection
EndGlobal
